
Microsoft Visual Studio Solution File, Format Version 12.00
# Visual Studio Version 17
VisualStudioVersion = 17.10.35122.118
MinimumVisualStudioVersion = 10.0.40219.1
Project("{FAE04EC0-301F-11D3-BF4B-00C04F79EFBC}") = "CourseWebsite", "CourseWebsite\CourseWebsite.csproj", "{C2E93438-E892-4198-8FA3-432D6BFE201A}"
EndProject
Global
	GlobalSection(SolutionConfigurationPlatforms) = preSolution
		Debug|Any CPU = Debug|Any CPU
		Release|Any CPU = Release|Any CPU
	EndGlobalSection
	GlobalSection(ProjectConfigurationPlatforms) = postSolution
		{C2E93438-E892-4198-8FA3-432D6BFE201A}.Debug|Any CPU.ActiveCfg = Debug|Any CPU
		{C2E93438-E892-4198-8FA3-432D6BFE201A}.Debug|Any CPU.Build.0 = Debug|Any CPU
		{C2E93438-E892-4198-8FA3-432D6BFE201A}.Release|Any CPU.ActiveCfg = Release|Any CPU
		{C2E93438-E892-4198-8FA3-432D6BFE201A}.Release|Any CPU.Build.0 = Release|Any CPU
	EndGlobalSection
	GlobalSection(SolutionProperties) = preSolution
		HideSolutionNode = FALSE
	EndGlobalSection
	GlobalSection(ExtensibilityGlobals) = postSolution
		SolutionGuid = {76448B69-5007-410D-94FA-E617601E3F57}
	EndGlobalSection
EndGlobal
